// !$*UTF8*$!
{
	archiveVersion = 1;
	classes = {
	};
	objectVersion = 55;
	objects = {

/* Begin PBXBuildFile section */
		A208178828CB6509003A280A /* SelectGameViewController.swift in Sources */ = {isa = PBXBuildFile; fileRef = A208178728CB6509003A280A /* SelectGameViewController.swift */; };
		A2234CF128C8E8A30000D944 /* GameListViewController.swift in Sources */ = {isa = PBXBuildFile; fileRef = A2234CF028C8E8A30000D944 /* GameListViewController.swift */; };
		A2E041F528C9FF940097CA57 /* HeaderGameListTableViewCell.swift in Sources */ = {isa = PBXBuildFile; fileRef = A2E041F428C9FF940097CA57 /* HeaderGameListTableViewCell.swift */; };
		C875C82228C88AD2004F55D2 /* AppDelegate.swift in Sources */ = {isa = PBXBuildFile; fileRef = C875C82128C88AD2004F55D2 /* AppDelegate.swift */; };
		C875C82428C88AD2004F55D2 /* SceneDelegate.swift in Sources */ = {isa = PBXBuildFile; fileRef = C875C82328C88AD2004F55D2 /* SceneDelegate.swift */; };
		C875C82928C88AD2004F55D2 /* SecondScreen.storyboard in Resources */ = {isa = PBXBuildFile; fileRef = C875C82728C88AD2004F55D2 /* SecondScreen.storyboard */; };
		C875C82B28C88AD4004F55D2 /* Assets.xcassets in Resources */ = {isa = PBXBuildFile; fileRef = C875C82A28C88AD4004F55D2 /* Assets.xcassets */; };
		C875C82E28C88AD4004F55D2 /* LaunchScreen.storyboard in Resources */ = {isa = PBXBuildFile; fileRef = C875C82C28C88AD4004F55D2 /* LaunchScreen.storyboard */; };
		C875C83B28C88F84004F55D2 /* Account.swift in Sources */ = {isa = PBXBuildFile; fileRef = C875C83A28C88F84004F55D2 /* Account.swift */; };
		C875C83F28C8919C004F55D2 /* DataStore.swift in Sources */ = {isa = PBXBuildFile; fileRef = C875C83E28C8919C004F55D2 /* DataStore.swift */; };
		C875C84128C899B9004F55D2 /* TeamInGame.swift in Sources */ = {isa = PBXBuildFile; fileRef = C875C84028C899B9004F55D2 /* TeamInGame.swift */; };
		C875C84328C89A1D004F55D2 /* Game.swift in Sources */ = {isa = PBXBuildFile; fileRef = C875C84228C89A1D004F55D2 /* Game.swift */; };
		C875C84528C89BE7004F55D2 /* GameEvent.swift in Sources */ = {isa = PBXBuildFile; fileRef = C875C84428C89BE7004F55D2 /* GameEvent.swift */; };
/* End PBXBuildFile section */

/* Begin PBXFileReference section */
		A208178728CB6509003A280A /* SelectGameViewController.swift */ = {isa = PBXFileReference; lastKnownFileType = sourcecode.swift; path = SelectGameViewController.swift; sourceTree = "<group>"; };
		A2234CF028C8E8A30000D944 /* GameListViewController.swift */ = {isa = PBXFileReference; lastKnownFileType = sourcecode.swift; path = GameListViewController.swift; sourceTree = "<group>"; };
		A2E041F428C9FF940097CA57 /* HeaderGameListTableViewCell.swift */ = {isa = PBXFileReference; lastKnownFileType = sourcecode.swift; path = HeaderGameListTableViewCell.swift; sourceTree = "<group>"; };
		C875C81E28C88AD2004F55D2 /* BeterAPP.app */ = {isa = PBXFileReference; explicitFileType = wrapper.application; includeInIndex = 0; path = BeterAPP.app; sourceTree = BUILT_PRODUCTS_DIR; };
		C875C82128C88AD2004F55D2 /* AppDelegate.swift */ = {isa = PBXFileReference; lastKnownFileType = sourcecode.swift; path = AppDelegate.swift; sourceTree = "<group>"; };
		C875C82328C88AD2004F55D2 /* SceneDelegate.swift */ = {isa = PBXFileReference; lastKnownFileType = sourcecode.swift; path = SceneDelegate.swift; sourceTree = "<group>"; };
		C875C82828C88AD2004F55D2 /* Base */ = {isa = PBXFileReference; lastKnownFileType = file.storyboard; name = Base; path = Base.lproj/SecondScreen.storyboard; sourceTree = "<group>"; };
		C875C82A28C88AD4004F55D2 /* Assets.xcassets */ = {isa = PBXFileReference; lastKnownFileType = folder.assetcatalog; path = Assets.xcassets; sourceTree = "<group>"; };
		C875C82D28C88AD4004F55D2 /* Base */ = {isa = PBXFileReference; lastKnownFileType = file.storyboard; name = Base; path = Base.lproj/LaunchScreen.storyboard; sourceTree = "<group>"; };
		C875C82F28C88AD4004F55D2 /* Info.plist */ = {isa = PBXFileReference; lastKnownFileType = text.plist.xml; path = Info.plist; sourceTree = "<group>"; };
		C875C83A28C88F84004F55D2 /* Account.swift */ = {isa = PBXFileReference; lastKnownFileType = sourcecode.swift; path = Account.swift; sourceTree = "<group>"; };
		C875C83E28C8919C004F55D2 /* DataStore.swift */ = {isa = PBXFileReference; lastKnownFileType = sourcecode.swift; path = DataStore.swift; sourceTree = "<group>"; };
		C875C84028C899B9004F55D2 /* TeamInGame.swift */ = {isa = PBXFileReference; lastKnownFileType = sourcecode.swift; path = TeamInGame.swift; sourceTree = "<group>"; };
		C875C84228C89A1D004F55D2 /* Game.swift */ = {isa = PBXFileReference; lastKnownFileType = sourcecode.swift; path = Game.swift; sourceTree = "<group>"; };
		C875C84428C89BE7004F55D2 /* GameEvent.swift */ = {isa = PBXFileReference; lastKnownFileType = sourcecode.swift; path = GameEvent.swift; sourceTree = "<group>"; };
/* End PBXFileReference section */

/* Begin PBXFrameworksBuildPhase section */
		C875C81B28C88AD2004F55D2 /* Frameworks */ = {
			isa = PBXFrameworksBuildPhase;
			buildActionMask = 2147483647;
			files = (
			);
			runOnlyForDeploymentPostprocessing = 0;
		};
/* End PBXFrameworksBuildPhase section */

/* Begin PBXGroup section */
		A208178628CA5B89003A280A /* Views */ = {
			isa = PBXGroup;
			children = (
				A2E041F428C9FF940097CA57 /* HeaderGameListTableViewCell.swift */,
			);
			path = Views;
			sourceTree = "<group>";
		};
		C875C81528C88AD2004F55D2 = {
			isa = PBXGroup;
			children = (
				C875C82028C88AD2004F55D2 /* BeterAPP */,
				C875C81F28C88AD2004F55D2 /* Products */,
			);
			sourceTree = "<group>";
		};
		C875C81F28C88AD2004F55D2 /* Products */ = {
			isa = PBXGroup;
			children = (
				C875C81E28C88AD2004F55D2 /* BeterAPP.app */,
			);
			name = Products;
			sourceTree = "<group>";
		};
		C875C82028C88AD2004F55D2 /* BeterAPP */ = {
			isa = PBXGroup;
			children = (
				C875C83528C88B22004F55D2 /* Models */,
				C875C83828C88B7A004F55D2 /* ViewControllers */,
				C875C83928C88F56004F55D2 /* Services */,
				C875C83628C88B32004F55D2 /* Storyboards */,
				C875C83728C88B47004F55D2 /* SupportFiles */,
				C875C82F28C88AD4004F55D2 /* Info.plist */,
			);
			path = BeterAPP;
			sourceTree = "<group>";
		};
		C875C83528C88B22004F55D2 /* Models */ = {
			isa = PBXGroup;
			children = (
				C875C83A28C88F84004F55D2 /* Account.swift */,
				C875C84028C899B9004F55D2 /* TeamInGame.swift */,
				C875C84228C89A1D004F55D2 /* Game.swift */,
				C875C84428C89BE7004F55D2 /* GameEvent.swift */,
			);
			path = Models;
			sourceTree = "<group>";
		};
		C875C83628C88B32004F55D2 /* Storyboards */ = {
			isa = PBXGroup;
			children = (
				C875C82728C88AD2004F55D2 /* SecondScreen.storyboard */,
				C875C82C28C88AD4004F55D2 /* LaunchScreen.storyboard */,
			);
			path = Storyboards;
			sourceTree = "<group>";
		};
		C875C83728C88B47004F55D2 /* SupportFiles */ = {
			isa = PBXGroup;
			children = (
				C875C82128C88AD2004F55D2 /* AppDelegate.swift */,
				C875C82328C88AD2004F55D2 /* SceneDelegate.swift */,
				C875C82A28C88AD4004F55D2 /* Assets.xcassets */,
			);
			path = SupportFiles;
			sourceTree = "<group>";
		};
		C875C83828C88B7A004F55D2 /* ViewControllers */ = {
			isa = PBXGroup;
			children = (
				A2234CF028C8E8A30000D944 /* GameListViewController.swift */,
				A208178728CB6509003A280A /* SelectGameViewController.swift */,
				A208178628CA5B89003A280A /* Views */,
			);
			path = ViewControllers;
			sourceTree = "<group>";
		};
		C875C83928C88F56004F55D2 /* Services */ = {
			isa = PBXGroup;
			children = (
				C875C83E28C8919C004F55D2 /* DataStore.swift */,
			);
			path = Services;
			sourceTree = "<group>";
		};
/* End PBXGroup section */

/* Begin PBXNativeTarget section */
		C875C81D28C88AD2004F55D2 /* BeterAPP */ = {
			isa = PBXNativeTarget;
			buildConfigurationList = C875C83228C88AD4004F55D2 /* Build configuration list for PBXNativeTarget "BeterAPP" */;
			buildPhases = (
				C875C81A28C88AD2004F55D2 /* Sources */,
				C875C81B28C88AD2004F55D2 /* Frameworks */,
				C875C81C28C88AD2004F55D2 /* Resources */,
			);
			buildRules = (
			);
			dependencies = (
			);
			name = BeterAPP;
			productName = BeterAPP;
			productReference = C875C81E28C88AD2004F55D2 /* BeterAPP.app */;
			productType = "com.apple.product-type.application";
		};
/* End PBXNativeTarget section */

/* Begin PBXProject section */
		C875C81628C88AD2004F55D2 /* Project object */ = {
			isa = PBXProject;
			attributes = {
				BuildIndependentTargetsInParallel = 1;
				LastSwiftUpdateCheck = 1340;
				LastUpgradeCheck = 1340;
				TargetAttributes = {
					C875C81D28C88AD2004F55D2 = {
						CreatedOnToolsVersion = 13.4.1;
					};
				};
			};
			buildConfigurationList = C875C81928C88AD2004F55D2 /* Build configuration list for PBXProject "BeterAPP" */;
			compatibilityVersion = "Xcode 13.0";
			developmentRegion = en;
			hasScannedForEncodings = 0;
			knownRegions = (
				en,
				Base,
			);
			mainGroup = C875C81528C88AD2004F55D2;
			productRefGroup = C875C81F28C88AD2004F55D2 /* Products */;
			projectDirPath = "";
			projectRoot = "";
			targets = (
				C875C81D28C88AD2004F55D2 /* BeterAPP */,
			);
		};
/* End PBXProject section */

/* Begin PBXResourcesBuildPhase section */
		C875C81C28C88AD2004F55D2 /* Resources */ = {
			isa = PBXResourcesBuildPhase;
			buildActionMask = 2147483647;
			files = (
				C875C82E28C88AD4004F55D2 /* LaunchScreen.storyboard in Resources */,
				C875C82B28C88AD4004F55D2 /* Assets.xcassets in Resources */,
				C875C82928C88AD2004F55D2 /* SecondScreen.storyboard in Resources */,
			);
			runOnlyForDeploymentPostprocessing = 0;
		};
/* End PBXResourcesBuildPhase section */

/* Begin PBXSourcesBuildPhase section */
		C875C81A28C88AD2004F55D2 /* Sources */ = {
			isa = PBXSourcesBuildPhase;
			buildActionMask = 2147483647;
			files = (
				A208178828CB6509003A280A /* SelectGameViewController.swift in Sources */,
				A2E041F528C9FF940097CA57 /* HeaderGameListTableViewCell.swift in Sources */,
				C875C83B28C88F84004F55D2 /* Account.swift in Sources */,
				C875C84328C89A1D004F55D2 /* Game.swift in Sources */,
				C875C82228C88AD2004F55D2 /* AppDelegate.swift in Sources */,
				C875C83F28C8919C004F55D2 /* DataStore.swift in Sources */,
				A2234CF128C8E8A30000D944 /* GameListViewController.swift in Sources */,
				C875C82428C88AD2004F55D2 /* SceneDelegate.swift in Sources */,
				C875C84528C89BE7004F55D2 /* GameEvent.swift in Sources */,
				C875C84128C899B9004F55D2 /* TeamInGame.swift in Sources */,
			);
			runOnlyForDeploymentPostprocessing = 0;
		};
/* End PBXSourcesBuildPhase section */

/* Begin PBXVariantGroup section */
		C875C82728C88AD2004F55D2 /* SecondScreen.storyboard */ = {
			isa = PBXVariantGroup;
			children = (
				C875C82828C88AD2004F55D2 /* Base */,
			);
			name = SecondScreen.storyboard;
			sourceTree = "<group>";
		};
		C875C82C28C88AD4004F55D2 /* LaunchScreen.storyboard */ = {
			isa = PBXVariantGroup;
			children = (
				C875C82D28C88AD4004F55D2 /* Base */,
			);
			name = LaunchScreen.storyboard;
			sourceTree = "<group>";
		};
/* End PBXVariantGroup section */

/* Begin XCBuildConfiguration section */
		C875C83028C88AD4004F55D2 /* Debug */ = {
			isa = XCBuildConfiguration;
			buildSettings = {
				ALWAYS_SEARCH_USER_PATHS = NO;
				CLANG_ANALYZER_NONNULL = YES;
				CLANG_ANALYZER_NUMBER_OBJECT_CONVERSION = YES_AGGRESSIVE;
				CLANG_CXX_LANGUAGE_STANDARD = "gnu++17";
				CLANG_ENABLE_MODULES = YES;
				CLANG_ENABLE_OBJC_ARC = YES;
				CLANG_ENABLE_OBJC_WEAK = YES;
				CLANG_WARN_BLOCK_CAPTURE_AUTORELEASING = YES;
				CLANG_WARN_BOOL_CONVERSION = YES;
				CLANG_WARN_COMMA = YES;
				CLANG_WARN_CONSTANT_CONVERSION = YES;
				CLANG_WARN_DEPRECATED_OBJC_IMPLEMENTATIONS = YES;
				CLANG_WARN_DIRECT_OBJC_ISA_USAGE = YES_ERROR;
				CLANG_WARN_DOCUMENTATION_COMMENTS = YES;
				CLANG_WARN_EMPTY_BODY = YES;
				CLANG_WARN_ENUM_CONVERSION = YES;
				CLANG_WARN_INFINITE_RECURSION = YES;
				CLANG_WARN_INT_CONVERSION = YES;
				CLANG_WARN_NON_LITERAL_NULL_CONVERSION = YES;
				CLANG_WARN_OBJC_IMPLICIT_RETAIN_SELF = YES;
				CLANG_WARN_OBJC_LITERAL_CONVERSION = YES;
				CLANG_WARN_OBJC_ROOT_CLASS = YES_ERROR;
				CLANG_WARN_QUOTED_INCLUDE_IN_FRAMEWORK_HEADER = YES;
				CLANG_WARN_RANGE_LOOP_ANALYSIS = YES;
				CLANG_WARN_STRICT_PROTOTYPES = YES;
				CLANG_WARN_SUSPICIOUS_MOVE = YES;
				CLANG_WARN_UNGUARDED_AVAILABILITY = YES_AGGRESSIVE;
				CLANG_WARN_UNREACHABLE_CODE = YES;
				CLANG_WARN__DUPLICATE_METHOD_MATCH = YES;
				COPY_PHASE_STRIP = NO;
				DEBUG_INFORMATION_FORMAT = dwarf;
				ENABLE_STRICT_OBJC_MSGSEND = YES;
				ENABLE_TESTABILITY = YES;
				GCC_C_LANGUAGE_STANDARD = gnu11;
				GCC_DYNAMIC_NO_PIC = NO;
				GCC_NO_COMMON_BLOCKS = YES;
				GCC_OPTIMIZATION_LEVEL = 0;
				GCC_PREPROCESSOR_DEFINITIONS = (
					"DEBUG=1",
					"$(inherited)",
				);
				GCC_WARN_64_TO_32_BIT_CONVERSION = YES;
				GCC_WARN_ABOUT_RETURN_TYPE = YES_ERROR;
				GCC_WARN_UNDECLARED_SELECTOR = YES;
				GCC_WARN_UNINITIALIZED_AUTOS = YES_AGGRESSIVE;
				GCC_WARN_UNUSED_FUNCTION = YES;
				GCC_WARN_UNUSED_VARIABLE = YES;
				IPHONEOS_DEPLOYMENT_TARGET = 15.5;
				MTL_ENABLE_DEBUG_INFO = INCLUDE_SOURCE;
				MTL_FAST_MATH = YES;
				ONLY_ACTIVE_ARCH = YES;
				SDKROOT = iphoneos;
				SWIFT_ACTIVE_COMPILATION_CONDITIONS = DEBUG;
				SWIFT_OPTIMIZATION_LEVEL = "-Onone";
			};
			name = Debug;
		};
		C875C83128C88AD4004F55D2 /* Release */ = {
			isa = XCBuildConfiguration;
			buildSettings = {
				ALWAYS_SEARCH_USER_PATHS = NO;
				CLANG_ANALYZER_NONNULL = YES;
				CLANG_ANALYZER_NUMBER_OBJECT_CONVERSION = YES_AGGRESSIVE;
				CLANG_CXX_LANGUAGE_STANDARD = "gnu++17";
				CLANG_ENABLE_MODULES = YES;
				CLANG_ENABLE_OBJC_ARC = YES;
				CLANG_ENABLE_OBJC_WEAK = YES;
				CLANG_WARN_BLOCK_CAPTURE_AUTORELEASING = YES;
				CLANG_WARN_BOOL_CONVERSION = YES;
				CLANG_WARN_COMMA = YES;
				CLANG_WARN_CONSTANT_CONVERSION = YES;
				CLANG_WARN_DEPRECATED_OBJC_IMPLEMENTATIONS = YES;
				CLANG_WARN_DIRECT_OBJC_ISA_USAGE = YES_ERROR;
				CLANG_WARN_DOCUMENTATION_COMMENTS = YES;
				CLANG_WARN_EMPTY_BODY = YES;
				CLANG_WARN_ENUM_CONVERSION = YES;
				CLANG_WARN_INFINITE_RECURSION = YES;
				CLANG_WARN_INT_CONVERSION = YES;
				CLANG_WARN_NON_LITERAL_NULL_CONVERSION = YES;
				CLANG_WARN_OBJC_IMPLICIT_RETAIN_SELF = YES;
				CLANG_WARN_OBJC_LITERAL_CONVERSION = YES;
				CLANG_WARN_OBJC_ROOT_CLASS = YES_ERROR;
				CLANG_WARN_QUOTED_INCLUDE_IN_FRAMEWORK_HEADER = YES;
				CLANG_WARN_RANGE_LOOP_ANALYSIS = YES;
				CLANG_WARN_STRICT_PROTOTYPES = YES;
				CLANG_WARN_SUSPICIOUS_MOVE = YES;
				CLANG_WARN_UNGUARDED_AVAILABILITY = YES_AGGRESSIVE;
				CLANG_WARN_UNREACHABLE_CODE = YES;
				CLANG_WARN__DUPLICATE_METHOD_MATCH = YES;
				COPY_PHASE_STRIP = NO;
				DEBUG_INFORMATION_FORMAT = "dwarf-with-dsym";
				ENABLE_NS_ASSERTIONS = NO;
				ENABLE_STRICT_OBJC_MSGSEND = YES;
				GCC_C_LANGUAGE_STANDARD = gnu11;
				GCC_NO_COMMON_BLOCKS = YES;
				GCC_WARN_64_TO_32_BIT_CONVERSION = YES;
				GCC_WARN_ABOUT_RETURN_TYPE = YES_ERROR;
				GCC_WARN_UNDECLARED_SELECTOR = YES;
				GCC_WARN_UNINITIALIZED_AUTOS = YES_AGGRESSIVE;
				GCC_WARN_UNUSED_FUNCTION = YES;
				GCC_WARN_UNUSED_VARIABLE = YES;
				IPHONEOS_DEPLOYMENT_TARGET = 15.5;
				MTL_ENABLE_DEBUG_INFO = NO;
				MTL_FAST_MATH = YES;
				SDKROOT = iphoneos;
				SWIFT_COMPILATION_MODE = wholemodule;
				SWIFT_OPTIMIZATION_LEVEL = "-O";
				VALIDATE_PRODUCT = YES;
			};
			name = Release;
		};
		C875C83328C88AD4004F55D2 /* Debug */ = {
			isa = XCBuildConfiguration;
			buildSettings = {
				ASSETCATALOG_COMPILER_APPICON_NAME = AppIcon;
				ASSETCATALOG_COMPILER_GLOBAL_ACCENT_COLOR_NAME = AccentColor;
				CODE_SIGN_STYLE = Automatic;
				CURRENT_PROJECT_VERSION = 1;
				DEVELOPMENT_TEAM = YG4RG79V23;
				GENERATE_INFOPLIST_FILE = YES;
				INFOPLIST_FILE = BeterAPP/Info.plist;
				INFOPLIST_KEY_UIApplicationSupportsIndirectInputEvents = YES;
				INFOPLIST_KEY_UILaunchStoryboardName = LaunchScreen;
				INFOPLIST_KEY_UIMainStoryboardFile = SecondScreen;
				INFOPLIST_KEY_UISupportedInterfaceOrientations = UIInterfaceOrientationPortrait;
				INFOPLIST_KEY_UISupportedInterfaceOrientations_iPad = "UIInterfaceOrientationPortrait UIInterfaceOrientationPortraitUpsideDown UIInterfaceOrientationLandscapeLeft UIInterfaceOrientationLandscapeRight";
				INFOPLIST_KEY_UISupportedInterfaceOrientations_iPhone = "UIInterfaceOrientationPortrait UIInterfaceOrientationLandscapeLeft UIInterfaceOrientationLandscapeRight";
				LD_RUNPATH_SEARCH_PATHS = (
					"$(inherited)",
					"@executable_path/Frameworks",
				);
				MARKETING_VERSION = 1.0;
				PRODUCT_BUNDLE_IDENTIFIER = com.yammycode.BeterAPP;
				PRODUCT_NAME = "$(TARGET_NAME)";
				SWIFT_EMIT_LOC_STRINGS = YES;
				SWIFT_VERSION = 5.0;
				TARGETED_DEVICE_FAMILY = 1;
			};
			name = Debug;
		};
		C875C83428C88AD4004F55D2 /* Release */ = {
			isa = XCBuildConfiguration;
			buildSettings = {
				ASSETCATALOG_COMPILER_APPICON_NAME = AppIcon;
				ASSETCATALOG_COMPILER_GLOBAL_ACCENT_COLOR_NAME = AccentColor;
				CODE_SIGN_STYLE = Automatic;
				CURRENT_PROJECT_VERSION = 1;
				DEVELOPMENT_TEAM = YG4RG79V23;
				GENERATE_INFOPLIST_FILE = YES;
				INFOPLIST_FILE = BeterAPP/Info.plist;
				INFOPLIST_KEY_UIApplicationSupportsIndirectInputEvents = YES;
				INFOPLIST_KEY_UILaunchStoryboardName = LaunchScreen;
				INFOPLIST_KEY_UIMainStoryboardFile = SecondScreen;
				INFOPLIST_KEY_UISupportedInterfaceOrientations = UIInterfaceOrientationPortrait;
				INFOPLIST_KEY_UISupportedInterfaceOrientations_iPad = "UIInterfaceOrientationPortrait UIInterfaceOrientationPortraitUpsideDown UIInterfaceOrientationLandscapeLeft UIInterfaceOrientationLandscapeRight";
				INFOPLIST_KEY_UISupportedInterfaceOrientations_iPhone = "UIInterfaceOrientationPortrait UIInterfaceOrientationLandscapeLeft UIInterfaceOrientationLandscapeRight";
				LD_RUNPATH_SEARCH_PATHS = (
					"$(inherited)",
					"@executable_path/Frameworks",
				);
				MARKETING_VERSION = 1.0;
				PRODUCT_BUNDLE_IDENTIFIER = com.yammycode.BeterAPP;
				PRODUCT_NAME = "$(TARGET_NAME)";
				SWIFT_EMIT_LOC_STRINGS = YES;
				SWIFT_VERSION = 5.0;
				TARGETED_DEVICE_FAMILY = 1;
			};
			name = Release;
		};
/* End XCBuildConfiguration section */

/* Begin XCConfigurationList section */
		C875C81928C88AD2004F55D2 /* Build configuration list for PBXProject "BeterAPP" */ = {
			isa = XCConfigurationList;
			buildConfigurations = (
				C875C83028C88AD4004F55D2 /* Debug */,
				C875C83128C88AD4004F55D2 /* Release */,
			);
			defaultConfigurationIsVisible = 0;
			defaultConfigurationName = Release;
		};
		C875C83228C88AD4004F55D2 /* Build configuration list for PBXNativeTarget "BeterAPP" */ = {
			isa = XCConfigurationList;
			buildConfigurations = (
				C875C83328C88AD4004F55D2 /* Debug */,
				C875C83428C88AD4004F55D2 /* Release */,
			);
			defaultConfigurationIsVisible = 0;
			defaultConfigurationName = Release;
		};
/* End XCConfigurationList section */
	};
	rootObject = C875C81628C88AD2004F55D2 /* Project object */;
}
